// !$*UTF8*$!
{
	archiveVersion = 1;
	classes = {
	};
	objectVersion = 55;
	objects = {

/* Begin PBXBuildFile section */
		52E84B73288AA66000C5D365 /* AppDelegate.swift in Sources */ = {isa = PBXBuildFile; fileRef = 52E84B72288AA66000C5D365 /* AppDelegate.swift */; };
		52E84B75288AA66000C5D365 /* SceneDelegate.swift in Sources */ = {isa = PBXBuildFile; fileRef = 52E84B74288AA66000C5D365 /* SceneDelegate.swift */; };
		52E84B77288AA66000C5D365 /* ViewController.swift in Sources */ = {isa = PBXBuildFile; fileRef = 52E84B76288AA66000C5D365 /* ViewController.swift */; };
		52E84B7A288AA66000C5D365 /* Main.storyboard in Resources */ = {isa = PBXBuildFile; fileRef = 52E84B78288AA66000C5D365 /* Main.storyboard */; };
		52E84B7D288AA66000C5D365 /* TravelBook_Projects.xcdatamodeld in Sources */ = {isa = PBXBuildFile; fileRef = 52E84B7B288AA66000C5D365 /* TravelBook_Projects.xcdatamodeld */; };
		52E84B7F288AA66400C5D365 /* Assets.xcassets in Resources */ = {isa = PBXBuildFile; fileRef = 52E84B7E288AA66400C5D365 /* Assets.xcassets */; };
		52E84B82288AA66400C5D365 /* LaunchScreen.storyboard in Resources */ = {isa = PBXBuildFile; fileRef = 52E84B80288AA66400C5D365 /* LaunchScreen.storyboard */; };
		52E84B8D288AA66400C5D365 /* TravelBook_ProjectsTests.swift in Sources */ = {isa = PBXBuildFile; fileRef = 52E84B8C288AA66400C5D365 /* TravelBook_ProjectsTests.swift */; };
		52E84B97288AA66400C5D365 /* TravelBook_ProjectsUITests.swift in Sources */ = {isa = PBXBuildFile; fileRef = 52E84B96288AA66400C5D365 /* TravelBook_ProjectsUITests.swift */; };
		52E84B99288AA66400C5D365 /* TravelBook_ProjectsUITestsLaunchTests.swift in Sources */ = {isa = PBXBuildFile; fileRef = 52E84B98288AA66400C5D365 /* TravelBook_ProjectsUITestsLaunchTests.swift */; };
		52E84BA6288ABD5700C5D365 /* ListViewController.swift in Sources */ = {isa = PBXBuildFile; fileRef = 52E84BA5288ABD5700C5D365 /* ListViewController.swift */; };
/* End PBXBuildFile section */

/* Begin PBXContainerItemProxy section */
		52E84B89288AA66400C5D365 /* PBXContainerItemProxy */ = {
			isa = PBXContainerItemProxy;
			containerPortal = 52E84B67288AA66000C5D365 /* Project object */;
			proxyType = 1;
			remoteGlobalIDString = 52E84B6E288AA66000C5D365;
			remoteInfo = "TravelBook Projects";
		};
		52E84B93288AA66400C5D365 /* PBXContainerItemProxy */ = {
			isa = PBXContainerItemProxy;
			containerPortal = 52E84B67288AA66000C5D365 /* Project object */;
			proxyType = 1;
			remoteGlobalIDString = 52E84B6E288AA66000C5D365;
			remoteInfo = "TravelBook Projects";
		};
/* End PBXContainerItemProxy section */

/* Begin PBXFileReference section */
		52E84B6F288AA66000C5D365 /* TravelBook Projects.app */ = {isa = PBXFileReference; explicitFileType = wrapper.application; includeInIndex = 0; path = "TravelBook Projects.app"; sourceTree = BUILT_PRODUCTS_DIR; };
		52E84B72288AA66000C5D365 /* AppDelegate.swift */ = {isa = PBXFileReference; lastKnownFileType = sourcecode.swift; path = AppDelegate.swift; sourceTree = "<group>"; };
		52E84B74288AA66000C5D365 /* SceneDelegate.swift */ = {isa = PBXFileReference; lastKnownFileType = sourcecode.swift; path = SceneDelegate.swift; sourceTree = "<group>"; };
		52E84B76288AA66000C5D365 /* ViewController.swift */ = {isa = PBXFileReference; lastKnownFileType = sourcecode.swift; path = ViewController.swift; sourceTree = "<group>"; };
		52E84B79288AA66000C5D365 /* Base */ = {isa = PBXFileReference; lastKnownFileType = file.storyboard; name = Base; path = Base.lproj/Main.storyboard; sourceTree = "<group>"; };
		52E84B7C288AA66000C5D365 /* TravelBook_Projects.xcdatamodel */ = {isa = PBXFileReference; lastKnownFileType = wrapper.xcdatamodel; path = TravelBook_Projects.xcdatamodel; sourceTree = "<group>"; };
		52E84B7E288AA66400C5D365 /* Assets.xcassets */ = {isa = PBXFileReference; lastKnownFileType = folder.assetcatalog; path = Assets.xcassets; sourceTree = "<group>"; };
		52E84B81288AA66400C5D365 /* Base */ = {isa = PBXFileReference; lastKnownFileType = file.storyboard; name = Base; path = Base.lproj/LaunchScreen.storyboard; sourceTree = "<group>"; };
		52E84B83288AA66400C5D365 /* Info.plist */ = {isa = PBXFileReference; lastKnownFileType = text.plist.xml; path = Info.plist; sourceTree = "<group>"; };
		52E84B88288AA66400C5D365 /* TravelBook ProjectsTests.xctest */ = {isa = PBXFileReference; explicitFileType = wrapper.cfbundle; includeInIndex = 0; path = "TravelBook ProjectsTests.xctest"; sourceTree = BUILT_PRODUCTS_DIR; };
		52E84B8C288AA66400C5D365 /* TravelBook_ProjectsTests.swift */ = {isa = PBXFileReference; lastKnownFileType = sourcecode.swift; path = TravelBook_ProjectsTests.swift; sourceTree = "<group>"; };
		52E84B92288AA66400C5D365 /* TravelBook ProjectsUITests.xctest */ = {isa = PBXFileReference; explicitFileType = wrapper.cfbundle; includeInIndex = 0; path = "TravelBook ProjectsUITests.xctest"; sourceTree = BUILT_PRODUCTS_DIR; };
		52E84B96288AA66400C5D365 /* TravelBook_ProjectsUITests.swift */ = {isa = PBXFileReference; lastKnownFileType = sourcecode.swift; path = TravelBook_ProjectsUITests.swift; sourceTree = "<group>"; };
		52E84B98288AA66400C5D365 /* TravelBook_ProjectsUITestsLaunchTests.swift */ = {isa = PBXFileReference; lastKnownFileType = sourcecode.swift; path = TravelBook_ProjectsUITestsLaunchTests.swift; sourceTree = "<group>"; };
		52E84BA5288ABD5700C5D365 /* ListViewController.swift */ = {isa = PBXFileReference; lastKnownFileType = sourcecode.swift; path = ListViewController.swift; sourceTree = "<group>"; };
/* End PBXFileReference section */

/* Begin PBXFrameworksBuildPhase section */
		52E84B6C288AA66000C5D365 /* Frameworks */ = {
			isa = PBXFrameworksBuildPhase;
			buildActionMask = 2147483647;
			files = (
			);
			runOnlyForDeploymentPostprocessing = 0;
		};
		52E84B85288AA66400C5D365 /* Frameworks */ = {
			isa = PBXFrameworksBuildPhase;
			buildActionMask = 2147483647;
			files = (
			);
			runOnlyForDeploymentPostprocessing = 0;
		};
		52E84B8F288AA66400C5D365 /* Frameworks */ = {
			isa = PBXFrameworksBuildPhase;
			buildActionMask = 2147483647;
			files = (
			);
			runOnlyForDeploymentPostprocessing = 0;
		};
/* End PBXFrameworksBuildPhase section */

/* Begin PBXGroup section */
		52E84B66288AA66000C5D365 = {
			isa = PBXGroup;
			children = (
				52E84B71288AA66000C5D365 /* TravelBook Projects */,
				52E84B8B288AA66400C5D365 /* TravelBook ProjectsTests */,
				52E84B95288AA66400C5D365 /* TravelBook ProjectsUITests */,
				52E84B70288AA66000C5D365 /* Products */,
			);
			sourceTree = "<group>";
		};
		52E84B70288AA66000C5D365 /* Products */ = {
			isa = PBXGroup;
			children = (
				52E84B6F288AA66000C5D365 /* TravelBook Projects.app */,
				52E84B88288AA66400C5D365 /* TravelBook ProjectsTests.xctest */,
				52E84B92288AA66400C5D365 /* TravelBook ProjectsUITests.xctest */,
			);
			name = Products;
			sourceTree = "<group>";
		};
		52E84B71288AA66000C5D365 /* TravelBook Projects */ = {
			isa = PBXGroup;
			children = (
				52E84B72288AA66000C5D365 /* AppDelegate.swift */,
				52E84B74288AA66000C5D365 /* SceneDelegate.swift */,
				52E84B76288AA66000C5D365 /* ViewController.swift */,
				52E84B78288AA66000C5D365 /* Main.storyboard */,
				52E84B7E288AA66400C5D365 /* Assets.xcassets */,
				52E84B80288AA66400C5D365 /* LaunchScreen.storyboard */,
				52E84B83288AA66400C5D365 /* Info.plist */,
				52E84B7B288AA66000C5D365 /* TravelBook_Projects.xcdatamodeld */,
				52E84BA5288ABD5700C5D365 /* ListViewController.swift */,
			);
			path = "TravelBook Projects";
			sourceTree = "<group>";
		};
		52E84B8B288AA66400C5D365 /* TravelBook ProjectsTests */ = {
			isa = PBXGroup;
			children = (
				52E84B8C288AA66400C5D365 /* TravelBook_ProjectsTests.swift */,
			);
			path = "TravelBook ProjectsTests";
			sourceTree = "<group>";
		};
		52E84B95288AA66400C5D365 /* TravelBook ProjectsUITests */ = {
			isa = PBXGroup;
			children = (
				52E84B96288AA66400C5D365 /* TravelBook_ProjectsUITests.swift */,
				52E84B98288AA66400C5D365 /* TravelBook_ProjectsUITestsLaunchTests.swift */,
			);
			path = "TravelBook ProjectsUITests";
			sourceTree = "<group>";
		};
/* End PBXGroup section */

/* Begin PBXNativeTarget section */
		52E84B6E288AA66000C5D365 /* TravelBook Projects */ = {
			isa = PBXNativeTarget;
			buildConfigurationList = 52E84B9C288AA66400C5D365 /* Build configuration list for PBXNativeTarget "TravelBook Projects" */;
			buildPhases = (
				52E84B6B288AA66000C5D365 /* Sources */,
				52E84B6C288AA66000C5D365 /* Frameworks */,
				52E84B6D288AA66000C5D365 /* Resources */,
			);
			buildRules = (
			);
			dependencies = (
			);
			name = "TravelBook Projects";
			productName = "TravelBook Projects";
			productReference = 52E84B6F288AA66000C5D365 /* TravelBook Projects.app */;
			productType = "com.apple.product-type.application";
		};
		52E84B87288AA66400C5D365 /* TravelBook ProjectsTests */ = {
			isa = PBXNativeTarget;
			buildConfigurationList = 52E84B9F288AA66400C5D365 /* Build configuration list for PBXNativeTarget "TravelBook ProjectsTests" */;
			buildPhases = (
				52E84B84288AA66400C5D365 /* Sources */,
				52E84B85288AA66400C5D365 /* Frameworks */,
				52E84B86288AA66400C5D365 /* Resources */,
			);
			buildRules = (
			);
			dependencies = (
				52E84B8A288AA66400C5D365 /* PBXTargetDependency */,
			);
			name = "TravelBook ProjectsTests";
			productName = "TravelBook ProjectsTests";
			productReference = 52E84B88288AA66400C5D365 /* TravelBook ProjectsTests.xctest */;
			productType = "com.apple.product-type.bundle.unit-test";
		};
		52E84B91288AA66400C5D365 /* TravelBook ProjectsUITests */ = {
			isa = PBXNativeTarget;
			buildConfigurationList = 52E84BA2288AA66400C5D365 /* Build configuration list for PBXNativeTarget "TravelBook ProjectsUITests" */;
			buildPhases = (
				52E84B8E288AA66400C5D365 /* Sources */,
				52E84B8F288AA66400C5D365 /* Frameworks */,
				52E84B90288AA66400C5D365 /* Resources */,
			);
			buildRules = (
			);
			dependencies = (
				52E84B94288AA66400C5D365 /* PBXTargetDependency */,
			);
			name = "TravelBook ProjectsUITests";
			productName = "TravelBook ProjectsUITests";
			productReference = 52E84B92288AA66400C5D365 /* TravelBook ProjectsUITests.xctest */;
			productType = "com.apple.product-type.bundle.ui-testing";
		};
/* End PBXNativeTarget section */

/* Begin PBXProject section */
		52E84B67288AA66000C5D365 /* Project object */ = {
			isa = PBXProject;
			attributes = {
				BuildIndependentTargetsInParallel = 1;
				LastSwiftUpdateCheck = 1340;
				LastUpgradeCheck = 1340;
				TargetAttributes = {
					52E84B6E288AA66000C5D365 = {
						CreatedOnToolsVersion = 13.4.1;
					};
					52E84B87288AA66400C5D365 = {
						CreatedOnToolsVersion = 13.4.1;
						TestTargetID = 52E84B6E288AA66000C5D365;
					};
					52E84B91288AA66400C5D365 = {
						CreatedOnToolsVersion = 13.4.1;
						TestTargetID = 52E84B6E288AA66000C5D365;
					};
				};
			};
			buildConfigurationList = 52E84B6A288AA66000C5D365 /* Build configuration list for PBXProject "TravelBook Projects" */;
			compatibilityVersion = "Xcode 13.0";
			developmentRegion = en;
			hasScannedForEncodings = 0;
			knownRegions = (
				en,
				Base,
			);
			mainGroup = 52E84B66288AA66000C5D365;
			productRefGroup = 52E84B70288AA66000C5D365 /* Products */;
			projectDirPath = "";
			projectRoot = "";
			targets = (
				52E84B6E288AA66000C5D365 /* TravelBook Projects */,
				52E84B87288AA66400C5D365 /* TravelBook ProjectsTests */,
				52E84B91288AA66400C5D365 /* TravelBook ProjectsUITests */,
			);
		};
/* End PBXProject section */

/* Begin PBXResourcesBuildPhase section */
		52E84B6D288AA66000C5D365 /* Resources */ = {
			isa = PBXResourcesBuildPhase;
			buildActionMask = 2147483647;
			files = (
				52E84B82288AA66400C5D365 /* LaunchScreen.storyboard in Resources */,
				52E84B7F288AA66400C5D365 /* Assets.xcassets in Resources */,
				52E84B7A288AA66000C5D365 /* Main.storyboard in Resources */,
			);
			runOnlyForDeploymentPostprocessing = 0;
		};
		52E84B86288AA66400C5D365 /* Resources */ = {
			isa = PBXResourcesBuildPhase;
			buildActionMask = 2147483647;
			files = (
			);
			runOnlyForDeploymentPostprocessing = 0;
		};
		52E84B90288AA66400C5D365 /* Resources */ = {
			isa = PBXResourcesBuildPhase;
			buildActionMask = 2147483647;
			files = (
			);
			runOnlyForDeploymentPostprocessing = 0;
		};
/* End PBXResourcesBuildPhase section */

/* Begin PBXSourcesBuildPhase section */
		52E84B6B288AA66000C5D365 /* Sources */ = {
			isa = PBXSourcesBuildPhase;
			buildActionMask = 2147483647;
			files = (
				52E84B7D288AA66000C5D365 /* TravelBook_Projects.xcdatamodeld in Sources */,
				52E84B77288AA66000C5D365 /* ViewController.swift in Sources */,
				52E84B73288AA66000C5D365 /* AppDelegate.swift in Sources */,
				52E84BA6288ABD5700C5D365 /* ListViewController.swift in Sources */,
				52E84B75288AA66000C5D365 /* SceneDelegate.swift in Sources */,
			);
			runOnlyForDeploymentPostprocessing = 0;
		};
		52E84B84288AA66400C5D365 /* Sources */ = {
			isa = PBXSourcesBuildPhase;
			buildActionMask = 2147483647;
			files = (
				52E84B8D288AA66400C5D365 /* TravelBook_ProjectsTests.swift in Sources */,
			);
			runOnlyForDeploymentPostprocessing = 0;
		};
		52E84B8E288AA66400C5D365 /* Sources */ = {
			isa = PBXSourcesBuildPhase;
			buildActionMask = 2147483647;
			files = (
				52E84B97288AA66400C5D365 /* TravelBook_ProjectsUITests.swift in Sources */,
				52E84B99288AA66400C5D365 /* TravelBook_ProjectsUITestsLaunchTests.swift in Sources */,
			);
			runOnlyForDeploymentPostprocessing = 0;
		};
/* End PBXSourcesBuildPhase section */

/* Begin PBXTargetDependency section */
		52E84B8A288AA66400C5D365 /* PBXTargetDependency */ = {
			isa = PBXTargetDependency;
			target = 52E84B6E288AA66000C5D365 /* TravelBook Projects */;
			targetProxy = 52E84B89288AA66400C5D365 /* PBXContainerItemProxy */;
		};
		52E84B94288AA66400C5D365 /* PBXTargetDependency */ = {
			isa = PBXTargetDependency;
			target = 52E84B6E288AA66000C5D365 /* TravelBook Projects */;
			targetProxy = 52E84B93288AA66400C5D365 /* PBXContainerItemProxy */;
		};
/* End PBXTargetDependency section */

/* Begin PBXVariantGroup section */
		52E84B78288AA66000C5D365 /* Main.storyboard */ = {
			isa = PBXVariantGroup;
			children = (
				52E84B79288AA66000C5D365 /* Base */,
			);
			name = Main.storyboard;
			sourceTree = "<group>";
		};
		52E84B80288AA66400C5D365 /* LaunchScreen.storyboard */ = {
			isa = PBXVariantGroup;
			children = (
				52E84B81288AA66400C5D365 /* Base */,
			);
			name = LaunchScreen.storyboard;
			sourceTree = "<group>";
		};
/* End PBXVariantGroup section */

/* Begin XCBuildConfiguration section */
		52E84B9A288AA66400C5D365 /* Debug */ = {
			isa = XCBuildConfiguration;
			buildSettings = {
				ALWAYS_SEARCH_USER_PATHS = NO;
				CLANG_ANALYZER_NONNULL = YES;
				CLANG_ANALYZER_NUMBER_OBJECT_CONVERSION = YES_AGGRESSIVE;
				CLANG_CXX_LANGUAGE_STANDARD = "gnu++17";
				CLANG_ENABLE_MODULES = YES;
				CLANG_ENABLE_OBJC_ARC = YES;
				CLANG_ENABLE_OBJC_WEAK = YES;
				CLANG_WARN_BLOCK_CAPTURE_AUTORELEASING = YES;
				CLANG_WARN_BOOL_CONVERSION = YES;
				CLANG_WARN_COMMA = YES;
				CLANG_WARN_CONSTANT_CONVERSION = YES;
				CLANG_WARN_DEPRECATED_OBJC_IMPLEMENTATIONS = YES;
				CLANG_WARN_DIRECT_OBJC_ISA_USAGE = YES_ERROR;
				CLANG_WARN_DOCUMENTATION_COMMENTS = YES;
				CLANG_WARN_EMPTY_BODY = YES;
				CLANG_WARN_ENUM_CONVERSION = YES;
				CLANG_WARN_INFINITE_RECURSION = YES;
				CLANG_WARN_INT_CONVERSION = YES;
				CLANG_WARN_NON_LITERAL_NULL_CONVERSION = YES;
				CLANG_WARN_OBJC_IMPLICIT_RETAIN_SELF = YES;
				CLANG_WARN_OBJC_LITERAL_CONVERSION = YES;
				CLANG_WARN_OBJC_ROOT_CLASS = YES_ERROR;
				CLANG_WARN_QUOTED_INCLUDE_IN_FRAMEWORK_HEADER = YES;
				CLANG_WARN_RANGE_LOOP_ANALYSIS = YES;
				CLANG_WARN_STRICT_PROTOTYPES = YES;
				CLANG_WARN_SUSPICIOUS_MOVE = YES;
				CLANG_WARN_UNGUARDED_AVAILABILITY = YES_AGGRESSIVE;
				CLANG_WARN_UNREACHABLE_CODE = YES;
				CLANG_WARN__DUPLICATE_METHOD_MATCH = YES;
				COPY_PHASE_STRIP = NO;
				DEBUG_INFORMATION_FORMAT = dwarf;
				ENABLE_STRICT_OBJC_MSGSEND = YES;
				ENABLE_TESTABILITY = YES;
				GCC_C_LANGUAGE_STANDARD = gnu11;
				GCC_DYNAMIC_NO_PIC = NO;
				GCC_NO_COMMON_BLOCKS = YES;
				GCC_OPTIMIZATION_LEVEL = 0;
				GCC_PREPROCESSOR_DEFINITIONS = (
					"DEBUG=1",
					"$(inherited)",
				);
				GCC_WARN_64_TO_32_BIT_CONVERSION = YES;
				GCC_WARN_ABOUT_RETURN_TYPE = YES_ERROR;
				GCC_WARN_UNDECLARED_SELECTOR = YES;
				GCC_WARN_UNINITIALIZED_AUTOS = YES_AGGRESSIVE;
				GCC_WARN_UNUSED_FUNCTION = YES;
				GCC_WARN_UNUSED_VARIABLE = YES;
				IPHONEOS_DEPLOYMENT_TARGET = 15.5;
				MTL_ENABLE_DEBUG_INFO = INCLUDE_SOURCE;
				MTL_FAST_MATH = YES;
				ONLY_ACTIVE_ARCH = YES;
				SDKROOT = iphoneos;
				SWIFT_ACTIVE_COMPILATION_CONDITIONS = DEBUG;
				SWIFT_OPTIMIZATION_LEVEL = "-Onone";
			};
			name = Debug;
		};
		52E84B9B288AA66400C5D365 /* Release */ = {
			isa = XCBuildConfiguration;
			buildSettings = {
				ALWAYS_SEARCH_USER_PATHS = NO;
				CLANG_ANALYZER_NONNULL = YES;
				CLANG_ANALYZER_NUMBER_OBJECT_CONVERSION = YES_AGGRESSIVE;
				CLANG_CXX_LANGUAGE_STANDARD = "gnu++17";
				CLANG_ENABLE_MODULES = YES;
				CLANG_ENABLE_OBJC_ARC = YES;
				CLANG_ENABLE_OBJC_WEAK = YES;
				CLANG_WARN_BLOCK_CAPTURE_AUTORELEASING = YES;
				CLANG_WARN_BOOL_CONVERSION = YES;
				CLANG_WARN_COMMA = YES;
				CLANG_WARN_CONSTANT_CONVERSION = YES;
				CLANG_WARN_DEPRECATED_OBJC_IMPLEMENTATIONS = YES;
				CLANG_WARN_DIRECT_OBJC_ISA_USAGE = YES_ERROR;
				CLANG_WARN_DOCUMENTATION_COMMENTS = YES;
				CLANG_WARN_EMPTY_BODY = YES;
				CLANG_WARN_ENUM_CONVERSION = YES;
				CLANG_WARN_INFINITE_RECURSION = YES;
				CLANG_WARN_INT_CONVERSION = YES;
				CLANG_WARN_NON_LITERAL_NULL_CONVERSION = YES;
				CLANG_WARN_OBJC_IMPLICIT_RETAIN_SELF = YES;
				CLANG_WARN_OBJC_LITERAL_CONVERSION = YES;
				CLANG_WARN_OBJC_ROOT_CLASS = YES_ERROR;
				CLANG_WARN_QUOTED_INCLUDE_IN_FRAMEWORK_HEADER = YES;
				CLANG_WARN_RANGE_LOOP_ANALYSIS = YES;
				CLANG_WARN_STRICT_PROTOTYPES = YES;
				CLANG_WARN_SUSPICIOUS_MOVE = YES;
				CLANG_WARN_UNGUARDED_AVAILABILITY = YES_AGGRESSIVE;
				CLANG_WARN_UNREACHABLE_CODE = YES;
				CLANG_WARN__DUPLICATE_METHOD_MATCH = YES;
				COPY_PHASE_STRIP = NO;
				DEBUG_INFORMATION_FORMAT = "dwarf-with-dsym";
				ENABLE_NS_ASSERTIONS = NO;
				ENABLE_STRICT_OBJC_MSGSEND = YES;
				GCC_C_LANGUAGE_STANDARD = gnu11;
				GCC_NO_COMMON_BLOCKS = YES;
				GCC_WARN_64_TO_32_BIT_CONVERSION = YES;
				GCC_WARN_ABOUT_RETURN_TYPE = YES_ERROR;
				GCC_WARN_UNDECLARED_SELECTOR = YES;
				GCC_WARN_UNINITIALIZED_AUTOS = YES_AGGRESSIVE;
				GCC_WARN_UNUSED_FUNCTION = YES;
				GCC_WARN_UNUSED_VARIABLE = YES;
				IPHONEOS_DEPLOYMENT_TARGET = 15.5;
				MTL_ENABLE_DEBUG_INFO = NO;
				MTL_FAST_MATH = YES;
				SDKROOT = iphoneos;
				SWIFT_COMPILATION_MODE = wholemodule;
				SWIFT_OPTIMIZATION_LEVEL = "-O";
				VALIDATE_PRODUCT = YES;
			};
			name = Release;
		};
		52E84B9D288AA66400C5D365 /* Debug */ = {
			isa = XCBuildConfiguration;
			buildSettings = {
				ASSETCATALOG_COMPILER_APPICON_NAME = AppIcon;
				ASSETCATALOG_COMPILER_GLOBAL_ACCENT_COLOR_NAME = AccentColor;
				CODE_SIGN_STYLE = Automatic;
				CURRENT_PROJECT_VERSION = 1;
				GENERATE_INFOPLIST_FILE = YES;
				INFOPLIST_FILE = "TravelBook Projects/Info.plist";
				INFOPLIST_KEY_UIApplicationSupportsIndirectInputEvents = YES;
				INFOPLIST_KEY_UILaunchStoryboardName = LaunchScreen;
				INFOPLIST_KEY_UIMainStoryboardFile = Main;
				INFOPLIST_KEY_UISupportedInterfaceOrientations_iPad = "UIInterfaceOrientationPortrait UIInterfaceOrientationPortraitUpsideDown UIInterfaceOrientationLandscapeLeft UIInterfaceOrientationLandscapeRight";
				INFOPLIST_KEY_UISupportedInterfaceOrientations_iPhone = "UIInterfaceOrientationPortrait UIInterfaceOrientationLandscapeLeft UIInterfaceOrientationLandscapeRight";
				LD_RUNPATH_SEARCH_PATHS = (
					"$(inherited)",
					"@executable_path/Frameworks",
				);
				MARKETING_VERSION = 1.0;
				PRODUCT_BUNDLE_IDENTIFIER = "com.hakanakkus.TravelBook-Projects";
				PRODUCT_NAME = "$(TARGET_NAME)";
				SWIFT_EMIT_LOC_STRINGS = YES;
				SWIFT_VERSION = 5.0;
				TARGETED_DEVICE_FAMILY = "1,2";
			};
			name = Debug;
		};
		52E84B9E288AA66400C5D365 /* Release */ = {
			isa = XCBuildConfiguration;
			buildSettings = {
				ASSETCATALOG_COMPILER_APPICON_NAME = AppIcon;
				ASSETCATALOG_COMPILER_GLOBAL_ACCENT_COLOR_NAME = AccentColor;
				CODE_SIGN_STYLE = Automatic;
				CURRENT_PROJECT_VERSION = 1;
				GENERATE_INFOPLIST_FILE = YES;
				INFOPLIST_FILE = "TravelBook Projects/Info.plist";
				INFOPLIST_KEY_UIApplicationSupportsIndirectInputEvents = YES;
				INFOPLIST_KEY_UILaunchStoryboardName = LaunchScreen;
				INFOPLIST_KEY_UIMainStoryboardFile = Main;
				INFOPLIST_KEY_UISupportedInterfaceOrientations_iPad = "UIInterfaceOrientationPortrait UIInterfaceOrientationPortraitUpsideDown UIInterfaceOrientationLandscapeLeft UIInterfaceOrientationLandscapeRight";
				INFOPLIST_KEY_UISupportedInterfaceOrientations_iPhone = "UIInterfaceOrientationPortrait UIInterfaceOrientationLandscapeLeft UIInterfaceOrientationLandscapeRight";
				LD_RUNPATH_SEARCH_PATHS = (
					"$(inherited)",
					"@executable_path/Frameworks",
				);
				MARKETING_VERSION = 1.0;
				PRODUCT_BUNDLE_IDENTIFIER = "com.hakanakkus.TravelBook-Projects";
				PRODUCT_NAME = "$(TARGET_NAME)";
				SWIFT_EMIT_LOC_STRINGS = YES;
				SWIFT_VERSION = 5.0;
				TARGETED_DEVICE_FAMILY = "1,2";
			};
			name = Release;
		};
		52E84BA0288AA66400C5D365 /* Debug */ = {
			isa = XCBuildConfiguration;
			buildSettings = {
				ALWAYS_EMBED_SWIFT_STANDARD_LIBRARIES = YES;
				BUNDLE_LOADER = "$(TEST_HOST)";
				CODE_SIGN_STYLE = Automatic;
				CURRENT_PROJECT_VERSION = 1;
				GENERATE_INFOPLIST_FILE = YES;
				IPHONEOS_DEPLOYMENT_TARGET = 15.5;
				MARKETING_VERSION = 1.0;
				PRODUCT_BUNDLE_IDENTIFIER = "com.hakanakkus.TravelBook-ProjectsTests";
				PRODUCT_NAME = "$(TARGET_NAME)";
				SWIFT_EMIT_LOC_STRINGS = NO;
				SWIFT_VERSION = 5.0;
				TARGETED_DEVICE_FAMILY = "1,2";
				TEST_HOST = "$(BUILT_PRODUCTS_DIR)/TravelBook Projects.app/TravelBook Projects";
			};
			name = Debug;
		};
		52E84BA1288AA66400C5D365 /* Release */ = {
			isa = XCBuildConfiguration;
			buildSettings = {
				ALWAYS_EMBED_SWIFT_STANDARD_LIBRARIES = YES;
				BUNDLE_LOADER = "$(TEST_HOST)";
				CODE_SIGN_STYLE = Automatic;
				CURRENT_PROJECT_VERSION = 1;
				GENERATE_INFOPLIST_FILE = YES;
				IPHONEOS_DEPLOYMENT_TARGET = 15.5;
				MARKETING_VERSION = 1.0;
				PRODUCT_BUNDLE_IDENTIFIER = "com.hakanakkus.TravelBook-ProjectsTests";
				PRODUCT_NAME = "$(TARGET_NAME)";
				SWIFT_EMIT_LOC_STRINGS = NO;
				SWIFT_VERSION = 5.0;
				TARGETED_DEVICE_FAMILY = "1,2";
				TEST_HOST = "$(BUILT_PRODUCTS_DIR)/TravelBook Projects.app/TravelBook Projects";
			};
			name = Release;
		};
		52E84BA3288AA66400C5D365 /* Debug */ = {
			isa = XCBuildConfiguration;
			buildSettings = {
				ALWAYS_EMBED_SWIFT_STANDARD_LIBRARIES = YES;
				CODE_SIGN_STYLE = Automatic;
				CURRENT_PROJECT_VERSION = 1;
				GENERATE_INFOPLIST_FILE = YES;
				MARKETING_VERSION = 1.0;
				PRODUCT_BUNDLE_IDENTIFIER = "com.hakanakkus.TravelBook-ProjectsUITests";
				PRODUCT_NAME = "$(TARGET_NAME)";
				SWIFT_EMIT_LOC_STRINGS = NO;
				SWIFT_VERSION = 5.0;
				TARGETED_DEVICE_FAMILY = "1,2";
				TEST_TARGET_NAME = "TravelBook Projects";
			};
			name = Debug;
		};
		52E84BA4288AA66400C5D365 /* Release */ = {
			isa = XCBuildConfiguration;
			buildSettings = {
				ALWAYS_EMBED_SWIFT_STANDARD_LIBRARIES = YES;
				CODE_SIGN_STYLE = Automatic;
				CURRENT_PROJECT_VERSION = 1;
				GENERATE_INFOPLIST_FILE = YES;
				MARKETING_VERSION = 1.0;
				PRODUCT_BUNDLE_IDENTIFIER = "com.hakanakkus.TravelBook-ProjectsUITests";
				PRODUCT_NAME = "$(TARGET_NAME)";
				SWIFT_EMIT_LOC_STRINGS = NO;
				SWIFT_VERSION = 5.0;
				TARGETED_DEVICE_FAMILY = "1,2";
				TEST_TARGET_NAME = "TravelBook Projects";
			};
			name = Release;
		};
/* End XCBuildConfiguration section */

/* Begin XCConfigurationList section */
		52E84B6A288AA66000C5D365 /* Build configuration list for PBXProject "TravelBook Projects" */ = {
			isa = XCConfigurationList;
			buildConfigurations = (
				52E84B9A288AA66400C5D365 /* Debug */,
				52E84B9B288AA66400C5D365 /* Release */,
			);
			defaultConfigurationIsVisible = 0;
			defaultConfigurationName = Release;
		};
		52E84B9C288AA66400C5D365 /* Build configuration list for PBXNativeTarget "TravelBook Projects" */ = {
			isa = XCConfigurationList;
			buildConfigurations = (
				52E84B9D288AA66400C5D365 /* Debug */,
				52E84B9E288AA66400C5D365 /* Release */,
			);
			defaultConfigurationIsVisible = 0;
			defaultConfigurationName = Release;
		};
		52E84B9F288AA66400C5D365 /* Build configuration list for PBXNativeTarget "TravelBook ProjectsTests" */ = {
			isa = XCConfigurationList;
			buildConfigurations = (
				52E84BA0288AA66400C5D365 /* Debug */,
				52E84BA1288AA66400C5D365 /* Release */,
			);
			defaultConfigurationIsVisible = 0;
			defaultConfigurationName = Release;
		};
		52E84BA2288AA66400C5D365 /* Build configuration list for PBXNativeTarget "TravelBook ProjectsUITests" */ = {
			isa = XCConfigurationList;
			buildConfigurations = (
				52E84BA3288AA66400C5D365 /* Debug */,
				52E84BA4288AA66400C5D365 /* Release */,
			);
			defaultConfigurationIsVisible = 0;
			defaultConfigurationName = Release;
		};
/* End XCConfigurationList section */

/* Begin XCVersionGroup section */
		52E84B7B288AA66000C5D365 /* TravelBook_Projects.xcdatamodeld */ = {
			isa = XCVersionGroup;
			children = (
				52E84B7C288AA66000C5D365 /* TravelBook_Projects.xcdatamodel */,
			);
			currentVersion = 52E84B7C288AA66000C5D365 /* TravelBook_Projects.xcdatamodel */;
			path = TravelBook_Projects.xcdatamodeld;
			sourceTree = "<group>";
			versionGroupType = wrapper.xcdatamodel;
		};
/* End XCVersionGroup section */
	};
	rootObject = 52E84B67288AA66000C5D365 /* Project object */;
}
